# THIS IS AN AUTOGENERATED FILE. DO NOT EDIT THIS FILE DIRECTLY.
# yarn lockfile v1


"@tanstack/query-core@5.74.3":
  version "5.74.3"
  resolved "https://registry.yarnpkg.com/@tanstack/query-core/-/query-core-5.74.3.tgz#1fc97bd9a47f2acdf9f49737b1e6969e7bbcb7d7"
  integrity sha512-Mqk+5o3qTuAiZML248XpNH8r2cOzl15+LTbUsZQEwvSvn1GU4VQhvqzAbil36p+MBxpr/58oBSnRzhrBevDhfg==

"@tanstack/react-query@^5.74.3":
  version "5.74.3"
  resolved "https://registry.yarnpkg.com/@tanstack/react-query/-/react-query-5.74.3.tgz#f7acd825abaea091f009d1c3f115212e45c4ee74"
  integrity sha512-QrycUn0wxjVPzITvQvOxFRdhlAwIoOQSuav7qWD4SWCoKCdLbyRZ2vji2GuBq/glaxbF4wBx3fqcYRDOt8KDTA==
  dependencies:
    "@tanstack/query-core" "5.74.3"

tailwind-merge@^3.2.0:
  version "3.2.0"
  resolved "https://registry.yarnpkg.com/tailwind-merge/-/tailwind-merge-3.2.0.tgz#bedcf6a67a8c982da5913afcba9c854f35abb857"
  integrity sha512-FQT/OVqCD+7edmmJpsgCsY820RTD5AkBryuG5IUqR5YQZSdj5xlH5nLgH7YPths7WsLPSpSBNneJdM8aS8aeFA==

tailwindcss-animate@^1.0.7:
  version "1.0.7"
  resolved "https://registry.yarnpkg.com/tailwindcss-animate/-/tailwindcss-animate-1.0.7.tgz#318b692c4c42676cc9e67b19b78775742388bef4"
  integrity sha512-bl6mpH3T7I3UFxuvDEXLxy/VuFxBk5bbzplh7tXI68mwMokNYd1t9qPBHlnyTwfa4JGC4zP516I1hYYtQ/vspA==
